
Microsoft Visual Studio Solution File, Format Version 12.00
# Visual Studio 15
VisualStudioVersion = 15.0.28307.271
MinimumVisualStudioVersion = 10.0.40219.1
Project("{8BC9CEB8-8B4A-11D0-8D11-00A0C91BC942}") = "EG1_1", "EG1_1\EG1_1.vcxproj", "{7E1B4CE1-AF4C-402C-9E2D-D279C096DA3F}"
EndProject
Project("{8BC9CEB8-8B4A-11D0-8D11-00A0C91BC942}") = "EG1_2_1", "EG1_2_1\EG1_2_1.vcxproj", "{B2A06BB8-50CB-4191-9B66-0B5BB8037370}"
EndProject
Project("{8BC9CEB8-8B4A-11D0-8D11-00A0C91BC942}") = "EG1_2_2", "EG1_2_2\EG1_2_2.vcxproj", "{9F16F7B3-92DF-4500-8F79-7D06DA7BA3E0}"
EndProject
Project("{8BC9CEB8-8B4A-11D0-8D11-00A0C91BC942}") = "EG1_3_1", "EG1_3_1\EG1_3_1.vcxproj", "{1EFA8635-565A-4166-B589-F250818FA9DF}"
EndProject
Project("{8BC9CEB8-8B4A-11D0-8D11-00A0C91BC942}") = "EG1_3_2", "EG1_3_2\EG1_3_2.vcxproj", "{0B929518-EFD0-4386-9E72-B2DA58FFF904}"
EndProject
Project("{8BC9CEB8-8B4A-11D0-8D11-00A0C91BC942}") = "EG2_1", "EG2_1\EG2_1.vcxproj", "{A4F3E16B-42B7-42EB-8103-F52124ACE875}"
EndProject
Project("{8BC9CEB8-8B4A-11D0-8D11-00A0C91BC942}") = "EG2_2_1", "EG2_2_1\EG2_2_1.vcxproj", "{4AB91D86-8901-436A-9C71-A9DE2018B4B0}"
EndProject
Project("{8BC9CEB8-8B4A-11D0-8D11-00A0C91BC942}") = "EG2_2_2", "EG2_2_2\EG2_2_2.vcxproj", "{70DA5146-AD95-4AE6-9D6C-D8E77B390144}"
EndProject
Project("{8BC9CEB8-8B4A-11D0-8D11-00A0C91BC942}") = "EG2_3_1", "EG2_3_1\EG2_3_1.vcxproj", "{29E4C90C-0E02-4927-B222-3418F7882BC3}"
EndProject
Project("{8BC9CEB8-8B4A-11D0-8D11-00A0C91BC942}") = "EG2_3_2", "EG2_3_2\EG2_3_2.vcxproj", "{EF6E1907-E076-4313-A167-0326EF60B4D7}"
EndProject
Project("{8BC9CEB8-8B4A-11D0-8D11-00A0C91BC942}") = "EG3_1", "EG3_1\EG3_1.vcxproj", "{8C8F8B44-D327-467E-A7D8-34B370F37C72}"
EndProject
Project("{8BC9CEB8-8B4A-11D0-8D11-00A0C91BC942}") = "EG3_2", "EG3_2\EG3_2.vcxproj", "{75F487DA-3845-4C67-AC81-F0C77E048828}"
EndProject
Project("{8BC9CEB8-8B4A-11D0-8D11-00A0C91BC942}") = "EG3_3_1", "EG3_3_1\EG3_3_1.vcxproj", "{B70994F9-AF29-4504-97F0-521F98B41749}"
EndProject
Project("{8BC9CEB8-8B4A-11D0-8D11-00A0C91BC942}") = "EG3_3_2", "EG3_3_2\EG3_3_2.vcxproj", "{49622700-7A4F-439C-989D-225BFC382247}"
EndProject
Project("{8BC9CEB8-8B4A-11D0-8D11-00A0C91BC942}") = "EG3_3_3", "EG3_3_3\EG3_3_3.vcxproj", "{B20FA006-1FC1-466B-8CD3-0FCC0CA8FAF9}"
EndProject
Project("{8BC9CEB8-8B4A-11D0-8D11-00A0C91BC942}") = "EG4_1", "EG4_1\EG4_1.vcxproj", "{9C52FAE1-7F8C-45E0-BB65-ADBF85EA97B5}"
EndProject
Project("{8BC9CEB8-8B4A-11D0-8D11-00A0C91BC942}") = "EG4_2_1", "EG4_2_1\EG4_2_1.vcxproj", "{E7B87BEB-B84B-4BC1-AEC9-729C76C2473F}"
EndProject
Project("{8BC9CEB8-8B4A-11D0-8D11-00A0C91BC942}") = "EG4_2_2", "EG4_2_2\EG4_2_2.vcxproj", "{71765083-737E-4A5D-8EFD-3438C129088B}"
EndProject
Project("{8BC9CEB8-8B4A-11D0-8D11-00A0C91BC942}") = "EG4_2_3", "EG4_2_3\EG4_2_3.vcxproj", "{07A17ED1-3CB0-4450-8C79-10C73E7017AD}"
EndProject
Project("{8BC9CEB8-8B4A-11D0-8D11-00A0C91BC942}") = "EG5_1", "EG5_1\EG5_1.vcxproj", "{DA7D6B1B-9AE3-4669-A927-8005046EF65F}"
EndProject
Project("{8BC9CEB8-8B4A-11D0-8D11-00A0C91BC942}") = "EG5_2_1", "EG5_2_1\EG5_2_1.vcxproj", "{F40E3398-28FD-47D3-90EF-6B904E2DFE45}"
EndProject
Project("{8BC9CEB8-8B4A-11D0-8D11-00A0C91BC942}") = "EG5_2_2", "EG5_2_2\EG5_2_2.vcxproj", "{6351CF2F-9D83-4810-9BAB-128368AB9AF8}"
EndProject
Project("{8BC9CEB8-8B4A-11D0-8D11-00A0C91BC942}") = "EG5_3", "EG5_3\EG5_3.vcxproj", "{3C832686-87EC-43C6-A7B3-A82AF32A393D}"
EndProject
Project("{8BC9CEB8-8B4A-11D0-8D11-00A0C91BC942}") = "EG6_1", "EG6_1\EG6_1.vcxproj", "{2D44284F-7454-4AE9-BC98-FAA770CED0E5}"
EndProject
Project("{8BC9CEB8-8B4A-11D0-8D11-00A0C91BC942}") = "EG6_2_1", "EG6_2_1\EG6_2_1.vcxproj", "{7D3BA881-2141-4787-8188-444771CC91F9}"
EndProject
Global
	GlobalSection(SolutionConfigurationPlatforms) = preSolution
		Debug|x64 = Debug|x64
		Debug|x86 = Debug|x86
		Release|x64 = Release|x64
		Release|x86 = Release|x86
	EndGlobalSection
	GlobalSection(ProjectConfigurationPlatforms) = postSolution
		{7E1B4CE1-AF4C-402C-9E2D-D279C096DA3F}.Debug|x64.ActiveCfg = Debug|x64
		{7E1B4CE1-AF4C-402C-9E2D-D279C096DA3F}.Debug|x64.Build.0 = Debug|x64
		{7E1B4CE1-AF4C-402C-9E2D-D279C096DA3F}.Debug|x86.ActiveCfg = Debug|Win32
		{7E1B4CE1-AF4C-402C-9E2D-D279C096DA3F}.Debug|x86.Build.0 = Debug|Win32
		{7E1B4CE1-AF4C-402C-9E2D-D279C096DA3F}.Release|x64.ActiveCfg = Release|x64
		{7E1B4CE1-AF4C-402C-9E2D-D279C096DA3F}.Release|x64.Build.0 = Release|x64
		{7E1B4CE1-AF4C-402C-9E2D-D279C096DA3F}.Release|x86.ActiveCfg = Debug|Win32
		{7E1B4CE1-AF4C-402C-9E2D-D279C096DA3F}.Release|x86.Build.0 = Debug|Win32
		{B2A06BB8-50CB-4191-9B66-0B5BB8037370}.Debug|x64.ActiveCfg = Debug|x64
		{B2A06BB8-50CB-4191-9B66-0B5BB8037370}.Debug|x64.Build.0 = Debug|x64
		{B2A06BB8-50CB-4191-9B66-0B5BB8037370}.Debug|x86.ActiveCfg = Debug|Win32
		{B2A06BB8-50CB-4191-9B66-0B5BB8037370}.Debug|x86.Build.0 = Debug|Win32
		{B2A06BB8-50CB-4191-9B66-0B5BB8037370}.Release|x64.ActiveCfg = Release|x64
		{B2A06BB8-50CB-4191-9B66-0B5BB8037370}.Release|x64.Build.0 = Release|x64
		{B2A06BB8-50CB-4191-9B66-0B5BB8037370}.Release|x86.ActiveCfg = Debug|Win32
		{B2A06BB8-50CB-4191-9B66-0B5BB8037370}.Release|x86.Build.0 = Debug|Win32
		{9F16F7B3-92DF-4500-8F79-7D06DA7BA3E0}.Debug|x64.ActiveCfg = Debug|x64
		{9F16F7B3-92DF-4500-8F79-7D06DA7BA3E0}.Debug|x64.Build.0 = Debug|x64
		{9F16F7B3-92DF-4500-8F79-7D06DA7BA3E0}.Debug|x86.ActiveCfg = Debug|Win32
		{9F16F7B3-92DF-4500-8F79-7D06DA7BA3E0}.Debug|x86.Build.0 = Debug|Win32
		{9F16F7B3-92DF-4500-8F79-7D06DA7BA3E0}.Release|x64.ActiveCfg = Release|x64
		{9F16F7B3-92DF-4500-8F79-7D06DA7BA3E0}.Release|x64.Build.0 = Release|x64
		{9F16F7B3-92DF-4500-8F79-7D06DA7BA3E0}.Release|x86.ActiveCfg = Debug|Win32
		{9F16F7B3-92DF-4500-8F79-7D06DA7BA3E0}.Release|x86.Build.0 = Debug|Win32
		{1EFA8635-565A-4166-B589-F250818FA9DF}.Debug|x64.ActiveCfg = Debug|x64
		{1EFA8635-565A-4166-B589-F250818FA9DF}.Debug|x64.Build.0 = Debug|x64
		{1EFA8635-565A-4166-B589-F250818FA9DF}.Debug|x86.ActiveCfg = Debug|Win32
		{1EFA8635-565A-4166-B589-F250818FA9DF}.Debug|x86.Build.0 = Debug|Win32
		{1EFA8635-565A-4166-B589-F250818FA9DF}.Release|x64.ActiveCfg = Release|x64
		{1EFA8635-565A-4166-B589-F250818FA9DF}.Release|x64.Build.0 = Release|x64
		{1EFA8635-565A-4166-B589-F250818FA9DF}.Release|x86.ActiveCfg = Debug|Win32
		{1EFA8635-565A-4166-B589-F250818FA9DF}.Release|x86.Build.0 = Debug|Win32
		{0B929518-EFD0-4386-9E72-B2DA58FFF904}.Debug|x64.ActiveCfg = Debug|x64
		{0B929518-EFD0-4386-9E72-B2DA58FFF904}.Debug|x64.Build.0 = Debug|x64
		{0B929518-EFD0-4386-9E72-B2DA58FFF904}.Debug|x86.ActiveCfg = Debug|Win32
		{0B929518-EFD0-4386-9E72-B2DA58FFF904}.Debug|x86.Build.0 = Debug|Win32
		{0B929518-EFD0-4386-9E72-B2DA58FFF904}.Release|x64.ActiveCfg = Release|x64
		{0B929518-EFD0-4386-9E72-B2DA58FFF904}.Release|x64.Build.0 = Release|x64
		{0B929518-EFD0-4386-9E72-B2DA58FFF904}.Release|x86.ActiveCfg = Debug|Win32
		{0B929518-EFD0-4386-9E72-B2DA58FFF904}.Release|x86.Build.0 = Debug|Win32
		{A4F3E16B-42B7-42EB-8103-F52124ACE875}.Debug|x64.ActiveCfg = Debug|x64
		{A4F3E16B-42B7-42EB-8103-F52124ACE875}.Debug|x64.Build.0 = Debug|x64
		{A4F3E16B-42B7-42EB-8103-F52124ACE875}.Debug|x86.ActiveCfg = Debug|Win32
		{A4F3E16B-42B7-42EB-8103-F52124ACE875}.Debug|x86.Build.0 = Debug|Win32
		{A4F3E16B-42B7-42EB-8103-F52124ACE875}.Release|x64.ActiveCfg = Release|x64
		{A4F3E16B-42B7-42EB-8103-F52124ACE875}.Release|x64.Build.0 = Release|x64
		{A4F3E16B-42B7-42EB-8103-F52124ACE875}.Release|x86.ActiveCfg = Debug|Win32
		{A4F3E16B-42B7-42EB-8103-F52124ACE875}.Release|x86.Build.0 = Debug|Win32
		{4AB91D86-8901-436A-9C71-A9DE2018B4B0}.Debug|x64.ActiveCfg = Debug|x64
		{4AB91D86-8901-436A-9C71-A9DE2018B4B0}.Debug|x64.Build.0 = Debug|x64
		{4AB91D86-8901-436A-9C71-A9DE2018B4B0}.Debug|x86.ActiveCfg = Debug|Win32
		{4AB91D86-8901-436A-9C71-A9DE2018B4B0}.Debug|x86.Build.0 = Debug|Win32
		{4AB91D86-8901-436A-9C71-A9DE2018B4B0}.Release|x64.ActiveCfg = Release|x64
		{4AB91D86-8901-436A-9C71-A9DE2018B4B0}.Release|x64.Build.0 = Release|x64
		{4AB91D86-8901-436A-9C71-A9DE2018B4B0}.Release|x86.ActiveCfg = Debug|Win32
		{4AB91D86-8901-436A-9C71-A9DE2018B4B0}.Release|x86.Build.0 = Debug|Win32
		{70DA5146-AD95-4AE6-9D6C-D8E77B390144}.Debug|x64.ActiveCfg = Debug|x64
		{70DA5146-AD95-4AE6-9D6C-D8E77B390144}.Debug|x64.Build.0 = Debug|x64
		{70DA5146-AD95-4AE6-9D6C-D8E77B390144}.Debug|x86.ActiveCfg = Debug|Win32
		{70DA5146-AD95-4AE6-9D6C-D8E77B390144}.Debug|x86.Build.0 = Debug|Win32
		{70DA5146-AD95-4AE6-9D6C-D8E77B390144}.Release|x64.ActiveCfg = Release|x64
		{70DA5146-AD95-4AE6-9D6C-D8E77B390144}.Release|x64.Build.0 = Release|x64
		{70DA5146-AD95-4AE6-9D6C-D8E77B390144}.Release|x86.ActiveCfg = Debug|Win32
		{70DA5146-AD95-4AE6-9D6C-D8E77B390144}.Release|x86.Build.0 = Debug|Win32
		{29E4C90C-0E02-4927-B222-3418F7882BC3}.Debug|x64.ActiveCfg = Debug|x64
		{29E4C90C-0E02-4927-B222-3418F7882BC3}.Debug|x64.Build.0 = Debug|x64
		{29E4C90C-0E02-4927-B222-3418F7882BC3}.Debug|x86.ActiveCfg = Debug|Win32
		{29E4C90C-0E02-4927-B222-3418F7882BC3}.Debug|x86.Build.0 = Debug|Win32
		{29E4C90C-0E02-4927-B222-3418F7882BC3}.Release|x64.ActiveCfg = Release|x64
		{29E4C90C-0E02-4927-B222-3418F7882BC3}.Release|x64.Build.0 = Release|x64
		{29E4C90C-0E02-4927-B222-3418F7882BC3}.Release|x86.ActiveCfg = Debug|Win32
		{29E4C90C-0E02-4927-B222-3418F7882BC3}.Release|x86.Build.0 = Debug|Win32
		{EF6E1907-E076-4313-A167-0326EF60B4D7}.Debug|x64.ActiveCfg = Debug|x64
		{EF6E1907-E076-4313-A167-0326EF60B4D7}.Debug|x64.Build.0 = Debug|x64
		{EF6E1907-E076-4313-A167-0326EF60B4D7}.Debug|x86.ActiveCfg = Debug|Win32
		{EF6E1907-E076-4313-A167-0326EF60B4D7}.Debug|x86.Build.0 = Debug|Win32
		{EF6E1907-E076-4313-A167-0326EF60B4D7}.Release|x64.ActiveCfg = Release|x64
		{EF6E1907-E076-4313-A167-0326EF60B4D7}.Release|x64.Build.0 = Release|x64
		{EF6E1907-E076-4313-A167-0326EF60B4D7}.Release|x86.ActiveCfg = Debug|Win32
		{EF6E1907-E076-4313-A167-0326EF60B4D7}.Release|x86.Build.0 = Debug|Win32
		{8C8F8B44-D327-467E-A7D8-34B370F37C72}.Debug|x64.ActiveCfg = Debug|x64
		{8C8F8B44-D327-467E-A7D8-34B370F37C72}.Debug|x64.Build.0 = Debug|x64
		{8C8F8B44-D327-467E-A7D8-34B370F37C72}.Debug|x86.ActiveCfg = Debug|Win32
		{8C8F8B44-D327-467E-A7D8-34B370F37C72}.Debug|x86.Build.0 = Debug|Win32
		{8C8F8B44-D327-467E-A7D8-34B370F37C72}.Release|x64.ActiveCfg = Release|x64
		{8C8F8B44-D327-467E-A7D8-34B370F37C72}.Release|x64.Build.0 = Release|x64
		{8C8F8B44-D327-467E-A7D8-34B370F37C72}.Release|x86.ActiveCfg = Debug|Win32
		{8C8F8B44-D327-467E-A7D8-34B370F37C72}.Release|x86.Build.0 = Debug|Win32
		{75F487DA-3845-4C67-AC81-F0C77E048828}.Debug|x64.ActiveCfg = Debug|x64
		{75F487DA-3845-4C67-AC81-F0C77E048828}.Debug|x64.Build.0 = Debug|x64
		{75F487DA-3845-4C67-AC81-F0C77E048828}.Debug|x86.ActiveCfg = Debug|Win32
		{75F487DA-3845-4C67-AC81-F0C77E048828}.Debug|x86.Build.0 = Debug|Win32
		{75F487DA-3845-4C67-AC81-F0C77E048828}.Release|x64.ActiveCfg = Release|x64
		{75F487DA-3845-4C67-AC81-F0C77E048828}.Release|x64.Build.0 = Release|x64
		{75F487DA-3845-4C67-AC81-F0C77E048828}.Release|x86.ActiveCfg = Debug|Win32
		{75F487DA-3845-4C67-AC81-F0C77E048828}.Release|x86.Build.0 = Debug|Win32
		{B70994F9-AF29-4504-97F0-521F98B41749}.Debug|x64.ActiveCfg = Debug|x64
		{B70994F9-AF29-4504-97F0-521F98B41749}.Debug|x64.Build.0 = Debug|x64
		{B70994F9-AF29-4504-97F0-521F98B41749}.Debug|x86.ActiveCfg = Debug|Win32
		{B70994F9-AF29-4504-97F0-521F98B41749}.Debug|x86.Build.0 = Debug|Win32
		{B70994F9-AF29-4504-97F0-521F98B41749}.Release|x64.ActiveCfg = Release|x64
		{B70994F9-AF29-4504-97F0-521F98B41749}.Release|x64.Build.0 = Release|x64
		{B70994F9-AF29-4504-97F0-521F98B41749}.Release|x86.ActiveCfg = Debug|Win32
		{B70994F9-AF29-4504-97F0-521F98B41749}.Release|x86.Build.0 = Debug|Win32
		{49622700-7A4F-439C-989D-225BFC382247}.Debug|x64.ActiveCfg = Debug|x64
		{49622700-7A4F-439C-989D-225BFC382247}.Debug|x64.Build.0 = Debug|x64
		{49622700-7A4F-439C-989D-225BFC382247}.Debug|x86.ActiveCfg = Debug|Win32
		{49622700-7A4F-439C-989D-225BFC382247}.Debug|x86.Build.0 = Debug|Win32
		{49622700-7A4F-439C-989D-225BFC382247}.Release|x64.ActiveCfg = Release|x64
		{49622700-7A4F-439C-989D-225BFC382247}.Release|x64.Build.0 = Release|x64
		{49622700-7A4F-439C-989D-225BFC382247}.Release|x86.ActiveCfg = Debug|Win32
		{49622700-7A4F-439C-989D-225BFC382247}.Release|x86.Build.0 = Debug|Win32
		{B20FA006-1FC1-466B-8CD3-0FCC0CA8FAF9}.Debug|x64.ActiveCfg = Debug|x64
		{B20FA006-1FC1-466B-8CD3-0FCC0CA8FAF9}.Debug|x64.Build.0 = Debug|x64
		{B20FA006-1FC1-466B-8CD3-0FCC0CA8FAF9}.Debug|x86.ActiveCfg = Debug|Win32
		{B20FA006-1FC1-466B-8CD3-0FCC0CA8FAF9}.Debug|x86.Build.0 = Debug|Win32
		{B20FA006-1FC1-466B-8CD3-0FCC0CA8FAF9}.Release|x64.ActiveCfg = Release|x64
		{B20FA006-1FC1-466B-8CD3-0FCC0CA8FAF9}.Release|x64.Build.0 = Release|x64
		{B20FA006-1FC1-466B-8CD3-0FCC0CA8FAF9}.Release|x86.ActiveCfg = Debug|Win32
		{B20FA006-1FC1-466B-8CD3-0FCC0CA8FAF9}.Release|x86.Build.0 = Debug|Win32
		{9C52FAE1-7F8C-45E0-BB65-ADBF85EA97B5}.Debug|x64.ActiveCfg = Debug|x64
		{9C52FAE1-7F8C-45E0-BB65-ADBF85EA97B5}.Debug|x64.Build.0 = Debug|x64
		{9C52FAE1-7F8C-45E0-BB65-ADBF85EA97B5}.Debug|x86.ActiveCfg = Debug|Win32
		{9C52FAE1-7F8C-45E0-BB65-ADBF85EA97B5}.Debug|x86.Build.0 = Debug|Win32
		{9C52FAE1-7F8C-45E0-BB65-ADBF85EA97B5}.Release|x64.ActiveCfg = Release|x64
		{9C52FAE1-7F8C-45E0-BB65-ADBF85EA97B5}.Release|x64.Build.0 = Release|x64
		{9C52FAE1-7F8C-45E0-BB65-ADBF85EA97B5}.Release|x86.ActiveCfg = Debug|Win32
		{9C52FAE1-7F8C-45E0-BB65-ADBF85EA97B5}.Release|x86.Build.0 = Debug|Win32
		{E7B87BEB-B84B-4BC1-AEC9-729C76C2473F}.Debug|x64.ActiveCfg = Debug|x64
		{E7B87BEB-B84B-4BC1-AEC9-729C76C2473F}.Debug|x64.Build.0 = Debug|x64
		{E7B87BEB-B84B-4BC1-AEC9-729C76C2473F}.Debug|x86.ActiveCfg = Debug|Win32
		{E7B87BEB-B84B-4BC1-AEC9-729C76C2473F}.Debug|x86.Build.0 = Debug|Win32
		{E7B87BEB-B84B-4BC1-AEC9-729C76C2473F}.Release|x64.ActiveCfg = Release|x64
		{E7B87BEB-B84B-4BC1-AEC9-729C76C2473F}.Release|x64.Build.0 = Release|x64
		{E7B87BEB-B84B-4BC1-AEC9-729C76C2473F}.Release|x86.ActiveCfg = Release|Win32
		{E7B87BEB-B84B-4BC1-AEC9-729C76C2473F}.Release|x86.Build.0 = Release|Win32
		{71765083-737E-4A5D-8EFD-3438C129088B}.Debug|x64.ActiveCfg = Debug|x64
		{71765083-737E-4A5D-8EFD-3438C129088B}.Debug|x64.Build.0 = Debug|x64
		{71765083-737E-4A5D-8EFD-3438C129088B}.Debug|x86.ActiveCfg = Debug|Win32
		{71765083-737E-4A5D-8EFD-3438C129088B}.Debug|x86.Build.0 = Debug|Win32
		{71765083-737E-4A5D-8EFD-3438C129088B}.Release|x64.ActiveCfg = Release|x64
		{71765083-737E-4A5D-8EFD-3438C129088B}.Release|x64.Build.0 = Release|x64
		{71765083-737E-4A5D-8EFD-3438C129088B}.Release|x86.ActiveCfg = Release|Win32
		{71765083-737E-4A5D-8EFD-3438C129088B}.Release|x86.Build.0 = Release|Win32
		{07A17ED1-3CB0-4450-8C79-10C73E7017AD}.Debug|x64.ActiveCfg = Debug|x64
		{07A17ED1-3CB0-4450-8C79-10C73E7017AD}.Debug|x64.Build.0 = Debug|x64
		{07A17ED1-3CB0-4450-8C79-10C73E7017AD}.Debug|x86.ActiveCfg = Debug|Win32
		{07A17ED1-3CB0-4450-8C79-10C73E7017AD}.Debug|x86.Build.0 = Debug|Win32
		{07A17ED1-3CB0-4450-8C79-10C73E7017AD}.Release|x64.ActiveCfg = Release|x64
		{07A17ED1-3CB0-4450-8C79-10C73E7017AD}.Release|x64.Build.0 = Release|x64
		{07A17ED1-3CB0-4450-8C79-10C73E7017AD}.Release|x86.ActiveCfg = Release|Win32
		{07A17ED1-3CB0-4450-8C79-10C73E7017AD}.Release|x86.Build.0 = Release|Win32
		{DA7D6B1B-9AE3-4669-A927-8005046EF65F}.Debug|x64.ActiveCfg = Debug|x64
		{DA7D6B1B-9AE3-4669-A927-8005046EF65F}.Debug|x64.Build.0 = Debug|x64
		{DA7D6B1B-9AE3-4669-A927-8005046EF65F}.Debug|x86.ActiveCfg = Debug|Win32
		{DA7D6B1B-9AE3-4669-A927-8005046EF65F}.Debug|x86.Build.0 = Debug|Win32
		{DA7D6B1B-9AE3-4669-A927-8005046EF65F}.Release|x64.ActiveCfg = Release|x64
		{DA7D6B1B-9AE3-4669-A927-8005046EF65F}.Release|x64.Build.0 = Release|x64
		{DA7D6B1B-9AE3-4669-A927-8005046EF65F}.Release|x86.ActiveCfg = Release|Win32
		{DA7D6B1B-9AE3-4669-A927-8005046EF65F}.Release|x86.Build.0 = Release|Win32
		{F40E3398-28FD-47D3-90EF-6B904E2DFE45}.Debug|x64.ActiveCfg = Debug|x64
		{F40E3398-28FD-47D3-90EF-6B904E2DFE45}.Debug|x64.Build.0 = Debug|x64
		{F40E3398-28FD-47D3-90EF-6B904E2DFE45}.Debug|x86.ActiveCfg = Debug|Win32
		{F40E3398-28FD-47D3-90EF-6B904E2DFE45}.Debug|x86.Build.0 = Debug|Win32
		{F40E3398-28FD-47D3-90EF-6B904E2DFE45}.Release|x64.ActiveCfg = Release|x64
		{F40E3398-28FD-47D3-90EF-6B904E2DFE45}.Release|x64.Build.0 = Release|x64
		{F40E3398-28FD-47D3-90EF-6B904E2DFE45}.Release|x86.ActiveCfg = Release|Win32
		{F40E3398-28FD-47D3-90EF-6B904E2DFE45}.Release|x86.Build.0 = Release|Win32
		{6351CF2F-9D83-4810-9BAB-128368AB9AF8}.Debug|x64.ActiveCfg = Debug|x64
		{6351CF2F-9D83-4810-9BAB-128368AB9AF8}.Debug|x64.Build.0 = Debug|x64
		{6351CF2F-9D83-4810-9BAB-128368AB9AF8}.Debug|x86.ActiveCfg = Debug|Win32
		{6351CF2F-9D83-4810-9BAB-128368AB9AF8}.Debug|x86.Build.0 = Debug|Win32
		{6351CF2F-9D83-4810-9BAB-128368AB9AF8}.Release|x64.ActiveCfg = Release|x64
		{6351CF2F-9D83-4810-9BAB-128368AB9AF8}.Release|x64.Build.0 = Release|x64
		{6351CF2F-9D83-4810-9BAB-128368AB9AF8}.Release|x86.ActiveCfg = Release|Win32
		{6351CF2F-9D83-4810-9BAB-128368AB9AF8}.Release|x86.Build.0 = Release|Win32
		{3C832686-87EC-43C6-A7B3-A82AF32A393D}.Debug|x64.ActiveCfg = Debug|x64
		{3C832686-87EC-43C6-A7B3-A82AF32A393D}.Debug|x64.Build.0 = Debug|x64
		{3C832686-87EC-43C6-A7B3-A82AF32A393D}.Debug|x86.ActiveCfg = Debug|Win32
		{3C832686-87EC-43C6-A7B3-A82AF32A393D}.Debug|x86.Build.0 = Debug|Win32
		{3C832686-87EC-43C6-A7B3-A82AF32A393D}.Release|x64.ActiveCfg = Release|x64
		{3C832686-87EC-43C6-A7B3-A82AF32A393D}.Release|x64.Build.0 = Release|x64
		{3C832686-87EC-43C6-A7B3-A82AF32A393D}.Release|x86.ActiveCfg = Release|Win32
		{3C832686-87EC-43C6-A7B3-A82AF32A393D}.Release|x86.Build.0 = Release|Win32
		{2D44284F-7454-4AE9-BC98-FAA770CED0E5}.Debug|x64.ActiveCfg = Debug|x64
		{2D44284F-7454-4AE9-BC98-FAA770CED0E5}.Debug|x64.Build.0 = Debug|x64
		{2D44284F-7454-4AE9-BC98-FAA770CED0E5}.Debug|x86.ActiveCfg = Debug|Win32
		{2D44284F-7454-4AE9-BC98-FAA770CED0E5}.Debug|x86.Build.0 = Debug|Win32
		{2D44284F-7454-4AE9-BC98-FAA770CED0E5}.Release|x64.ActiveCfg = Release|x64
		{2D44284F-7454-4AE9-BC98-FAA770CED0E5}.Release|x64.Build.0 = Release|x64
		{2D44284F-7454-4AE9-BC98-FAA770CED0E5}.Release|x86.ActiveCfg = Release|Win32
		{2D44284F-7454-4AE9-BC98-FAA770CED0E5}.Release|x86.Build.0 = Release|Win32
		{7D3BA881-2141-4787-8188-444771CC91F9}.Debug|x64.ActiveCfg = Debug|x64
		{7D3BA881-2141-4787-8188-444771CC91F9}.Debug|x64.Build.0 = Debug|x64
		{7D3BA881-2141-4787-8188-444771CC91F9}.Debug|x86.ActiveCfg = Debug|Win32
		{7D3BA881-2141-4787-8188-444771CC91F9}.Debug|x86.Build.0 = Debug|Win32
		{7D3BA881-2141-4787-8188-444771CC91F9}.Release|x64.ActiveCfg = Release|x64
		{7D3BA881-2141-4787-8188-444771CC91F9}.Release|x64.Build.0 = Release|x64
		{7D3BA881-2141-4787-8188-444771CC91F9}.Release|x86.ActiveCfg = Release|Win32
		{7D3BA881-2141-4787-8188-444771CC91F9}.Release|x86.Build.0 = Release|Win32
	EndGlobalSection
	GlobalSection(SolutionProperties) = preSolution
		HideSolutionNode = FALSE
	EndGlobalSection
	GlobalSection(ExtensibilityGlobals) = postSolution
		SolutionGuid = {A9E8D7EE-6CD7-4944-A707-F257EA68D8EB}
	EndGlobalSection
EndGlobal
